// !$*UTF8*$!
{
	archiveVersion = 1;
	classes = {
	};
	objectVersion = 51;
	objects = {

/* Begin PBXBuildFile section */
		06051B2926371E7900130057 /* KKSplashScreenViewController.swift in Sources */ = {isa = PBXBuildFile; fileRef = 06051B2726371E7900130057 /* KKSplashScreenViewController.swift */; };
		06051B2A26371E7900130057 /* KKSplashScreenViewController.xib in Resources */ = {isa = PBXBuildFile; fileRef = 06051B2826371E7900130057 /* KKSplashScreenViewController.xib */; };
		062C397D2632C74200E86EEA /* KKApiRouter.swift in Sources */ = {isa = PBXBuildFile; fileRef = 062C397C2632C74200E86EEA /* KKApiRouter.swift */; };
		062C39812632C92C00E86EEA /* KKApiClient.swift in Sources */ = {isa = PBXBuildFile; fileRef = 062C39802632C92C00E86EEA /* KKApiClient.swift */; };
		062C39852632C98600E86EEA /* KKApiErrorDetails.swift in Sources */ = {isa = PBXBuildFile; fileRef = 062C39842632C98600E86EEA /* KKApiErrorDetails.swift */; };
		067029D62641278300DFADAC /* KKPersonalPageViewController.swift in Sources */ = {isa = PBXBuildFile; fileRef = 067029D52641278300DFADAC /* KKPersonalPageViewController.swift */; };
		067029DA2641326E00DFADAC /* KKSideMenuTableViewCell.swift in Sources */ = {isa = PBXBuildFile; fileRef = 067029D92641326E00DFADAC /* KKSideMenuTableViewCell.swift */; };
		0676B5A8262FD6EF0023311F /* AppDelegate.swift in Sources */ = {isa = PBXBuildFile; fileRef = 0676B5A7262FD6EF0023311F /* AppDelegate.swift */; };
		0676B5AA262FD6EF0023311F /* SceneDelegate.swift in Sources */ = {isa = PBXBuildFile; fileRef = 0676B5A9262FD6EF0023311F /* SceneDelegate.swift */; };
		0676B5AC262FD6EF0023311F /* ViewController.swift in Sources */ = {isa = PBXBuildFile; fileRef = 0676B5AB262FD6EF0023311F /* ViewController.swift */; };
		0676B5AF262FD6EF0023311F /* Main.storyboard in Resources */ = {isa = PBXBuildFile; fileRef = 0676B5AD262FD6EF0023311F /* Main.storyboard */; };
		0676B5B1262FD6F30023311F /* Assets.xcassets in Resources */ = {isa = PBXBuildFile; fileRef = 0676B5B0262FD6F30023311F /* Assets.xcassets */; };
		0676B5B4262FD6F30023311F /* LaunchScreen.storyboard in Resources */ = {isa = PBXBuildFile; fileRef = 0676B5B2262FD6F30023311F /* LaunchScreen.storyboard */; };
		0676B5F0262FD7F20023311F /* KKUtil.swift in Sources */ = {isa = PBXBuildFile; fileRef = 0676B5EF262FD7F20023311F /* KKUtil.swift */; };
		0676B5F3262FD8520023311F /* KKConstant.swift in Sources */ = {isa = PBXBuildFile; fileRef = 0676B5F2262FD8520023311F /* KKConstant.swift */; };
		0676B5F6262FD8BD0023311F /* KKSingleton.swift in Sources */ = {isa = PBXBuildFile; fileRef = 0676B5F5262FD8BD0023311F /* KKSingleton.swift */; };
		0676B5F9262FD8E40023311F /* KKColor.swift in Sources */ = {isa = PBXBuildFile; fileRef = 0676B5F8262FD8E40023311F /* KKColor.swift */; };
		0676B5FC262FD94A0023311F /* KKFont.swift in Sources */ = {isa = PBXBuildFile; fileRef = 0676B5FB262FD94A0023311F /* KKFont.swift */; };
		0676B60E262FDAF40023311F /* SKFuture.swift in Sources */ = {isa = PBXBuildFile; fileRef = 0676B60D262FDAF40023311F /* SKFuture.swift */; };
		0676B612262FDAFE0023311F /* SKResult.swift in Sources */ = {isa = PBXBuildFile; fileRef = 0676B611262FDAFE0023311F /* SKResult.swift */; };
		0676B616262FDB790023311F /* KKAlertControllerTransition.swift in Sources */ = {isa = PBXBuildFile; fileRef = 0676B615262FDB790023311F /* KKAlertControllerTransition.swift */; };
		0676B624262FDC8F0023311F /* KKBaseViewController.swift in Sources */ = {isa = PBXBuildFile; fileRef = 0676B623262FDC8F0023311F /* KKBaseViewController.swift */; };
		0676B668263095EE0023311F /* Localizable.strings in Resources */ = {isa = PBXBuildFile; fileRef = 0676B66A263095EE0023311F /* Localizable.strings */; };
		3ED808A9A35A15A51B9CD1B0 /* Pods_spade_swift.framework in Frameworks */ = {isa = PBXBuildFile; fileRef = 1CAD1294FBEFF302B7020970 /* Pods_spade_swift.framework */; };
		5317F22A264C10050076D69B /* KKWithdrawRequestViewController.swift in Sources */ = {isa = PBXBuildFile; fileRef = 5317F229264C10050076D69B /* KKWithdrawRequestViewController.swift */; };
		5317F22D264C100E0076D69B /* KKWithdrawRequestViewController.xib in Resources */ = {isa = PBXBuildFile; fileRef = 5317F22C264C100E0076D69B /* KKWithdrawRequestViewController.xib */; };
		5317F232264C222A0076D69B /* KKBankTableCell.swift in Sources */ = {isa = PBXBuildFile; fileRef = 5317F231264C222A0076D69B /* KKBankTableCell.swift */; };
		5317F235264C223A0076D69B /* KKBankTableCell.xib in Resources */ = {isa = PBXBuildFile; fileRef = 5317F234264C223A0076D69B /* KKBankTableCell.xib */; };
		53268BFF2630604F00ECAAE2 /* KKOnBoardingViewController.swift in Sources */ = {isa = PBXBuildFile; fileRef = 53268BFE2630604F00ECAAE2 /* KKOnBoardingViewController.swift */; };
		53268C062630612900ECAAE2 /* KKOnBoardingViewController.xib in Resources */ = {isa = PBXBuildFile; fileRef = 53268C052630612900ECAAE2 /* KKOnBoardingViewController.xib */; };
		53268C09263068EB00ECAAE2 /* KKLoginViewController.swift in Sources */ = {isa = PBXBuildFile; fileRef = 53268C08263068EB00ECAAE2 /* KKLoginViewController.swift */; };
		53268C0D263068F600ECAAE2 /* KKLoginViewController.xib in Resources */ = {isa = PBXBuildFile; fileRef = 53268C0C263068F600ECAAE2 /* KKLoginViewController.xib */; };
		53268C1526307FB800ECAAE2 /* KKRegistrationViewController.swift in Sources */ = {isa = PBXBuildFile; fileRef = 53268C1426307FB800ECAAE2 /* KKRegistrationViewController.swift */; };
		53268C1826307FC100ECAAE2 /* KKRegistrationViewController.xib in Resources */ = {isa = PBXBuildFile; fileRef = 53268C1726307FC100ECAAE2 /* KKRegistrationViewController.xib */; };
		53363E44264ACE0C001F6B48 /* KKMyAffiliateViewController.swift in Sources */ = {isa = PBXBuildFile; fileRef = 53363E43264ACE0C001F6B48 /* KKMyAffiliateViewController.swift */; };
		53363E47264ACE26001F6B48 /* KKMyAffiliateViewController.xib in Resources */ = {isa = PBXBuildFile; fileRef = 53363E46264ACE26001F6B48 /* KKMyAffiliateViewController.xib */; };
		533CA6BB2631745C00768C08 /* KKHomeViewController.xib in Resources */ = {isa = PBXBuildFile; fileRef = 533CA6BA2631745C00768C08 /* KKHomeViewController.xib */; };
		533CA6BE2631746800768C08 /* KKHomeViewController.swift in Sources */ = {isa = PBXBuildFile; fileRef = 533CA6BD2631746800768C08 /* KKHomeViewController.swift */; };
		5381676A26464B0F00FC96A6 /* KKUserInfoViewController.xib in Resources */ = {isa = PBXBuildFile; fileRef = 5381676926464B0F00FC96A6 /* KKUserInfoViewController.xib */; };
		5381676D26464B3300FC96A6 /* KKUserInfoViewController.swift in Sources */ = {isa = PBXBuildFile; fileRef = 5381676C26464B3300FC96A6 /* KKUserInfoViewController.swift */; };
		5381D82C26495A94003BBD2A /* KKAnnouncementViewController.swift in Sources */ = {isa = PBXBuildFile; fileRef = 5381D82B26495A94003BBD2A /* KKAnnouncementViewController.swift */; };
		5381D82F26495A9D003BBD2A /* KKAnnouncementViewController.xib in Resources */ = {isa = PBXBuildFile; fileRef = 5381D82E26495A9D003BBD2A /* KKAnnouncementViewController.xib */; };
		5381D834264961E2003BBD2A /* KKAnnouncementTableCell.xib in Resources */ = {isa = PBXBuildFile; fileRef = 5381D833264961E2003BBD2A /* KKAnnouncementTableCell.xib */; };
		5381D837264961EC003BBD2A /* KKAnnouncementTableCell.swift in Sources */ = {isa = PBXBuildFile; fileRef = 5381D836264961EC003BBD2A /* KKAnnouncementTableCell.swift */; };
		538FB07D2648012200F3E823 /* KKFaqViewController.swift in Sources */ = {isa = PBXBuildFile; fileRef = 538FB07C2648012200F3E823 /* KKFaqViewController.swift */; };
		538FB0802648012B00F3E823 /* KKFaqViewController.xib in Resources */ = {isa = PBXBuildFile; fileRef = 538FB07F2648012B00F3E823 /* KKFaqViewController.xib */; };
		538FB090264825E000F3E823 /* KKLiveChatCollectionViewCell.xib in Resources */ = {isa = PBXBuildFile; fileRef = 538FB08F264825E000F3E823 /* KKLiveChatCollectionViewCell.xib */; };
		538FB09326482B3500F3E823 /* KKLiveChatCollectionViewCell.swift in Sources */ = {isa = PBXBuildFile; fileRef = 538FB09226482B3500F3E823 /* KKLiveChatCollectionViewCell.swift */; };
		53963E0A2639A36C00D803D4 /* KKSettingsViewController.swift in Sources */ = {isa = PBXBuildFile; fileRef = 53963E092639A36C00D803D4 /* KKSettingsViewController.swift */; };
		53963E0D2639A37400D803D4 /* KKSettingsViewController.xib in Resources */ = {isa = PBXBuildFile; fileRef = 53963E0C2639A37400D803D4 /* KKSettingsViewController.xib */; };
		53AAAE06264018E3004103F0 /* KKRebateViewController.swift in Sources */ = {isa = PBXBuildFile; fileRef = 53AAAE05264018E3004103F0 /* KKRebateViewController.swift */; };
		53AAAE092640191A004103F0 /* KKRebateViewController.xib in Resources */ = {isa = PBXBuildFile; fileRef = 53AAAE082640191A004103F0 /* KKRebateViewController.xib */; };
		53AAAE0E26401B09004103F0 /* KKMessageViewController.swift in Sources */ = {isa = PBXBuildFile; fileRef = 53AAAE0D26401B09004103F0 /* KKMessageViewController.swift */; };
		53AAAE1126401B12004103F0 /* KKMessageViewController.xib in Resources */ = {isa = PBXBuildFile; fileRef = 53AAAE1026401B12004103F0 /* KKMessageViewController.xib */; };
		53AAAE1626401BD0004103F0 /* KKSupportViewController.swift in Sources */ = {isa = PBXBuildFile; fileRef = 53AAAE1526401BD0004103F0 /* KKSupportViewController.swift */; };
		53AAAE1926401BD9004103F0 /* KKSupportViewController.xib in Resources */ = {isa = PBXBuildFile; fileRef = 53AAAE1826401BD9004103F0 /* KKSupportViewController.xib */; };
		53AAAE2026401C40004103F0 /* KKDepositViewController.swift in Sources */ = {isa = PBXBuildFile; fileRef = 53AAAE1F26401C40004103F0 /* KKDepositViewController.swift */; };
		53AAAE2326401C4A004103F0 /* KKDepositViewController.xib in Resources */ = {isa = PBXBuildFile; fileRef = 53AAAE2226401C4A004103F0 /* KKDepositViewController.xib */; };
		53AAAE2926401CA9004103F0 /* KKWithdrawViewController.swift in Sources */ = {isa = PBXBuildFile; fileRef = 53AAAE2826401CA9004103F0 /* KKWithdrawViewController.swift */; };
		53AAAE2C26401CAE004103F0 /* KKWithdrawViewController.xib in Resources */ = {isa = PBXBuildFile; fileRef = 53AAAE2B26401CAE004103F0 /* KKWithdrawViewController.xib */; };
		53AAAE3426401FF0004103F0 /* KKAffiliateViewController.swift in Sources */ = {isa = PBXBuildFile; fileRef = 53AAAE3326401FF0004103F0 /* KKAffiliateViewController.swift */; };
		53AAAE3726401FF7004103F0 /* KKAffiliateViewController.xib in Resources */ = {isa = PBXBuildFile; fileRef = 53AAAE3626401FF7004103F0 /* KKAffiliateViewController.xib */; };
		53C64EFA263700D00068F03E /* KKPersonalViewController.xib in Resources */ = {isa = PBXBuildFile; fileRef = 53C64EF9263700D00068F03E /* KKPersonalViewController.xib */; };
		53C64EFD263700E10068F03E /* KKPersonalViewController.swift in Sources */ = {isa = PBXBuildFile; fileRef = 53C64EFC263700E10068F03E /* KKPersonalViewController.swift */; };
/* End PBXBuildFile section */

/* Begin PBXFileReference section */
		06051B2726371E7900130057 /* KKSplashScreenViewController.swift */ = {isa = PBXFileReference; lastKnownFileType = sourcecode.swift; path = KKSplashScreenViewController.swift; sourceTree = "<group>"; };
		06051B2826371E7900130057 /* KKSplashScreenViewController.xib */ = {isa = PBXFileReference; lastKnownFileType = file.xib; path = KKSplashScreenViewController.xib; sourceTree = "<group>"; };
		062C397C2632C74200E86EEA /* KKApiRouter.swift */ = {isa = PBXFileReference; lastKnownFileType = sourcecode.swift; path = KKApiRouter.swift; sourceTree = "<group>"; };
		062C39802632C92C00E86EEA /* KKApiClient.swift */ = {isa = PBXFileReference; lastKnownFileType = sourcecode.swift; path = KKApiClient.swift; sourceTree = "<group>"; };
		062C39842632C98600E86EEA /* KKApiErrorDetails.swift */ = {isa = PBXFileReference; lastKnownFileType = sourcecode.swift; path = KKApiErrorDetails.swift; sourceTree = "<group>"; };
		067029D52641278300DFADAC /* KKPersonalPageViewController.swift */ = {isa = PBXFileReference; lastKnownFileType = sourcecode.swift; path = KKPersonalPageViewController.swift; sourceTree = "<group>"; };
		067029D92641326E00DFADAC /* KKSideMenuTableViewCell.swift */ = {isa = PBXFileReference; lastKnownFileType = sourcecode.swift; path = KKSideMenuTableViewCell.swift; sourceTree = "<group>"; };
		0676B5A4262FD6EF0023311F /* spade-swift.app */ = {isa = PBXFileReference; explicitFileType = wrapper.application; includeInIndex = 0; path = "spade-swift.app"; sourceTree = BUILT_PRODUCTS_DIR; };
		0676B5A7262FD6EF0023311F /* AppDelegate.swift */ = {isa = PBXFileReference; lastKnownFileType = sourcecode.swift; path = AppDelegate.swift; sourceTree = "<group>"; };
		0676B5A9262FD6EF0023311F /* SceneDelegate.swift */ = {isa = PBXFileReference; lastKnownFileType = sourcecode.swift; path = SceneDelegate.swift; sourceTree = "<group>"; };
		0676B5AB262FD6EF0023311F /* ViewController.swift */ = {isa = PBXFileReference; lastKnownFileType = sourcecode.swift; path = ViewController.swift; sourceTree = "<group>"; };
		0676B5B0262FD6F30023311F /* Assets.xcassets */ = {isa = PBXFileReference; lastKnownFileType = folder.assetcatalog; path = Assets.xcassets; sourceTree = "<group>"; };
		0676B5B5262FD6F30023311F /* Info.plist */ = {isa = PBXFileReference; lastKnownFileType = text.plist.xml; path = Info.plist; sourceTree = "<group>"; };
		0676B5EF262FD7F20023311F /* KKUtil.swift */ = {isa = PBXFileReference; lastKnownFileType = sourcecode.swift; path = KKUtil.swift; sourceTree = "<group>"; };
		0676B5F2262FD8520023311F /* KKConstant.swift */ = {isa = PBXFileReference; lastKnownFileType = sourcecode.swift; path = KKConstant.swift; sourceTree = "<group>"; };
		0676B5F5262FD8BD0023311F /* KKSingleton.swift */ = {isa = PBXFileReference; lastKnownFileType = sourcecode.swift; path = KKSingleton.swift; sourceTree = "<group>"; };
		0676B5F8262FD8E40023311F /* KKColor.swift */ = {isa = PBXFileReference; lastKnownFileType = sourcecode.swift; path = KKColor.swift; sourceTree = "<group>"; };
		0676B5FB262FD94A0023311F /* KKFont.swift */ = {isa = PBXFileReference; lastKnownFileType = sourcecode.swift; path = KKFont.swift; sourceTree = "<group>"; };
		0676B60D262FDAF40023311F /* SKFuture.swift */ = {isa = PBXFileReference; lastKnownFileType = sourcecode.swift; path = SKFuture.swift; sourceTree = "<group>"; };
		0676B611262FDAFE0023311F /* SKResult.swift */ = {isa = PBXFileReference; lastKnownFileType = sourcecode.swift; path = SKResult.swift; sourceTree = "<group>"; };
		0676B615262FDB790023311F /* KKAlertControllerTransition.swift */ = {isa = PBXFileReference; lastKnownFileType = sourcecode.swift; path = KKAlertControllerTransition.swift; sourceTree = "<group>"; };
		0676B623262FDC8F0023311F /* KKBaseViewController.swift */ = {isa = PBXFileReference; lastKnownFileType = sourcecode.swift; path = KKBaseViewController.swift; sourceTree = "<group>"; };
		0676B660263095560023311F /* en */ = {isa = PBXFileReference; lastKnownFileType = file.storyboard; name = en; path = en.lproj/LaunchScreen.storyboard; sourceTree = "<group>"; };
		0676B661263095560023311F /* en */ = {isa = PBXFileReference; lastKnownFileType = file.storyboard; name = en; path = en.lproj/Main.storyboard; sourceTree = "<group>"; };
		0676B669263095EE0023311F /* en */ = {isa = PBXFileReference; lastKnownFileType = text.plist.strings; name = en; path = en.lproj/Localizable.strings; sourceTree = "<group>"; };
		1CAD1294FBEFF302B7020970 /* Pods_spade_swift.framework */ = {isa = PBXFileReference; explicitFileType = wrapper.framework; includeInIndex = 0; path = Pods_spade_swift.framework; sourceTree = BUILT_PRODUCTS_DIR; };
		1E2D902D25F2E5F3802521A0 /* Pods-spade-swift.release.xcconfig */ = {isa = PBXFileReference; includeInIndex = 1; lastKnownFileType = text.xcconfig; name = "Pods-spade-swift.release.xcconfig"; path = "Target Support Files/Pods-spade-swift/Pods-spade-swift.release.xcconfig"; sourceTree = "<group>"; };
		5317F229264C10050076D69B /* KKWithdrawRequestViewController.swift */ = {isa = PBXFileReference; lastKnownFileType = sourcecode.swift; path = KKWithdrawRequestViewController.swift; sourceTree = "<group>"; };
		5317F22C264C100E0076D69B /* KKWithdrawRequestViewController.xib */ = {isa = PBXFileReference; lastKnownFileType = file.xib; path = KKWithdrawRequestViewController.xib; sourceTree = "<group>"; };
		5317F231264C222A0076D69B /* KKBankTableCell.swift */ = {isa = PBXFileReference; lastKnownFileType = sourcecode.swift; path = KKBankTableCell.swift; sourceTree = "<group>"; };
		5317F234264C223A0076D69B /* KKBankTableCell.xib */ = {isa = PBXFileReference; lastKnownFileType = file.xib; path = KKBankTableCell.xib; sourceTree = "<group>"; };
		53268BFE2630604F00ECAAE2 /* KKOnBoardingViewController.swift */ = {isa = PBXFileReference; lastKnownFileType = sourcecode.swift; path = KKOnBoardingViewController.swift; sourceTree = "<group>"; };
		53268C052630612900ECAAE2 /* KKOnBoardingViewController.xib */ = {isa = PBXFileReference; lastKnownFileType = file.xib; path = KKOnBoardingViewController.xib; sourceTree = "<group>"; };
		53268C08263068EB00ECAAE2 /* KKLoginViewController.swift */ = {isa = PBXFileReference; lastKnownFileType = sourcecode.swift; path = KKLoginViewController.swift; sourceTree = "<group>"; };
		53268C0C263068F600ECAAE2 /* KKLoginViewController.xib */ = {isa = PBXFileReference; lastKnownFileType = file.xib; path = KKLoginViewController.xib; sourceTree = "<group>"; };
		53268C1426307FB800ECAAE2 /* KKRegistrationViewController.swift */ = {isa = PBXFileReference; lastKnownFileType = sourcecode.swift; path = KKRegistrationViewController.swift; sourceTree = "<group>"; };
		53268C1726307FC100ECAAE2 /* KKRegistrationViewController.xib */ = {isa = PBXFileReference; lastKnownFileType = file.xib; path = KKRegistrationViewController.xib; sourceTree = "<group>"; };
		53363E43264ACE0C001F6B48 /* KKMyAffiliateViewController.swift */ = {isa = PBXFileReference; lastKnownFileType = sourcecode.swift; path = KKMyAffiliateViewController.swift; sourceTree = "<group>"; };
		53363E46264ACE26001F6B48 /* KKMyAffiliateViewController.xib */ = {isa = PBXFileReference; lastKnownFileType = file.xib; path = KKMyAffiliateViewController.xib; sourceTree = "<group>"; };
		533CA6BA2631745C00768C08 /* KKHomeViewController.xib */ = {isa = PBXFileReference; lastKnownFileType = file.xib; path = KKHomeViewController.xib; sourceTree = "<group>"; };
		533CA6BD2631746800768C08 /* KKHomeViewController.swift */ = {isa = PBXFileReference; lastKnownFileType = sourcecode.swift; path = KKHomeViewController.swift; sourceTree = "<group>"; };
		5381676926464B0F00FC96A6 /* KKUserInfoViewController.xib */ = {isa = PBXFileReference; lastKnownFileType = file.xib; path = KKUserInfoViewController.xib; sourceTree = "<group>"; };
		5381676C26464B3300FC96A6 /* KKUserInfoViewController.swift */ = {isa = PBXFileReference; lastKnownFileType = sourcecode.swift; path = KKUserInfoViewController.swift; sourceTree = "<group>"; };
		5381D82B26495A94003BBD2A /* KKAnnouncementViewController.swift */ = {isa = PBXFileReference; lastKnownFileType = sourcecode.swift; path = KKAnnouncementViewController.swift; sourceTree = "<group>"; };
		5381D82E26495A9D003BBD2A /* KKAnnouncementViewController.xib */ = {isa = PBXFileReference; lastKnownFileType = file.xib; path = KKAnnouncementViewController.xib; sourceTree = "<group>"; };
		5381D833264961E2003BBD2A /* KKAnnouncementTableCell.xib */ = {isa = PBXFileReference; lastKnownFileType = file.xib; path = KKAnnouncementTableCell.xib; sourceTree = "<group>"; };
		5381D836264961EC003BBD2A /* KKAnnouncementTableCell.swift */ = {isa = PBXFileReference; lastKnownFileType = sourcecode.swift; path = KKAnnouncementTableCell.swift; sourceTree = "<group>"; };
		538FB07C2648012200F3E823 /* KKFaqViewController.swift */ = {isa = PBXFileReference; lastKnownFileType = sourcecode.swift; path = KKFaqViewController.swift; sourceTree = "<group>"; };
		538FB07F2648012B00F3E823 /* KKFaqViewController.xib */ = {isa = PBXFileReference; lastKnownFileType = file.xib; path = KKFaqViewController.xib; sourceTree = "<group>"; };
		538FB08F264825E000F3E823 /* KKLiveChatCollectionViewCell.xib */ = {isa = PBXFileReference; lastKnownFileType = file.xib; path = KKLiveChatCollectionViewCell.xib; sourceTree = "<group>"; };
		538FB09226482B3500F3E823 /* KKLiveChatCollectionViewCell.swift */ = {isa = PBXFileReference; lastKnownFileType = sourcecode.swift; path = KKLiveChatCollectionViewCell.swift; sourceTree = "<group>"; };
		53963E092639A36C00D803D4 /* KKSettingsViewController.swift */ = {isa = PBXFileReference; lastKnownFileType = sourcecode.swift; path = KKSettingsViewController.swift; sourceTree = "<group>"; };
		53963E0C2639A37400D803D4 /* KKSettingsViewController.xib */ = {isa = PBXFileReference; lastKnownFileType = file.xib; path = KKSettingsViewController.xib; sourceTree = "<group>"; };
		53AAAE05264018E3004103F0 /* KKRebateViewController.swift */ = {isa = PBXFileReference; fileEncoding = 4; lastKnownFileType = sourcecode.swift; path = KKRebateViewController.swift; sourceTree = "<group>"; };
		53AAAE082640191A004103F0 /* KKRebateViewController.xib */ = {isa = PBXFileReference; fileEncoding = 4; lastKnownFileType = file.xib; path = KKRebateViewController.xib; sourceTree = "<group>"; };
		53AAAE0D26401B09004103F0 /* KKMessageViewController.swift */ = {isa = PBXFileReference; fileEncoding = 4; lastKnownFileType = sourcecode.swift; path = KKMessageViewController.swift; sourceTree = "<group>"; };
		53AAAE1026401B12004103F0 /* KKMessageViewController.xib */ = {isa = PBXFileReference; fileEncoding = 4; lastKnownFileType = file.xib; path = KKMessageViewController.xib; sourceTree = "<group>"; };
		53AAAE1526401BD0004103F0 /* KKSupportViewController.swift */ = {isa = PBXFileReference; fileEncoding = 4; lastKnownFileType = sourcecode.swift; path = KKSupportViewController.swift; sourceTree = "<group>"; };
		53AAAE1826401BD9004103F0 /* KKSupportViewController.xib */ = {isa = PBXFileReference; fileEncoding = 4; lastKnownFileType = file.xib; path = KKSupportViewController.xib; sourceTree = "<group>"; };
		53AAAE1F26401C40004103F0 /* KKDepositViewController.swift */ = {isa = PBXFileReference; fileEncoding = 4; lastKnownFileType = sourcecode.swift; path = KKDepositViewController.swift; sourceTree = "<group>"; };
		53AAAE2226401C4A004103F0 /* KKDepositViewController.xib */ = {isa = PBXFileReference; fileEncoding = 4; lastKnownFileType = file.xib; path = KKDepositViewController.xib; sourceTree = "<group>"; };
		53AAAE2826401CA9004103F0 /* KKWithdrawViewController.swift */ = {isa = PBXFileReference; fileEncoding = 4; lastKnownFileType = sourcecode.swift; path = KKWithdrawViewController.swift; sourceTree = "<group>"; };
		53AAAE2B26401CAE004103F0 /* KKWithdrawViewController.xib */ = {isa = PBXFileReference; fileEncoding = 4; lastKnownFileType = file.xib; path = KKWithdrawViewController.xib; sourceTree = "<group>"; };
		53AAAE3326401FF0004103F0 /* KKAffiliateViewController.swift */ = {isa = PBXFileReference; fileEncoding = 4; lastKnownFileType = sourcecode.swift; path = KKAffiliateViewController.swift; sourceTree = "<group>"; };
		53AAAE3626401FF7004103F0 /* KKAffiliateViewController.xib */ = {isa = PBXFileReference; fileEncoding = 4; lastKnownFileType = file.xib; path = KKAffiliateViewController.xib; sourceTree = "<group>"; };
		53C64EF9263700D00068F03E /* KKPersonalViewController.xib */ = {isa = PBXFileReference; lastKnownFileType = file.xib; path = KKPersonalViewController.xib; sourceTree = "<group>"; };
		53C64EFC263700E10068F03E /* KKPersonalViewController.swift */ = {isa = PBXFileReference; lastKnownFileType = sourcecode.swift; path = KKPersonalViewController.swift; sourceTree = "<group>"; };
		DE9CF2AF875923073B28E1B7 /* Pods-spade-swift.debug.xcconfig */ = {isa = PBXFileReference; includeInIndex = 1; lastKnownFileType = text.xcconfig; name = "Pods-spade-swift.debug.xcconfig"; path = "Target Support Files/Pods-spade-swift/Pods-spade-swift.debug.xcconfig"; sourceTree = "<group>"; };
/* End PBXFileReference section */

/* Begin PBXFrameworksBuildPhase section */
		0676B5A1262FD6EF0023311F /* Frameworks */ = {
			isa = PBXFrameworksBuildPhase;
			buildActionMask = 2147483647;
			files = (
				3ED808A9A35A15A51B9CD1B0 /* Pods_spade_swift.framework in Frameworks */,
			);
			runOnlyForDeploymentPostprocessing = 0;
		};
/* End PBXFrameworksBuildPhase section */

/* Begin PBXGroup section */
		06051B2626371E5100130057 /* Splash Screen */ = {
			isa = PBXGroup;
			children = (
				06051B2726371E7900130057 /* KKSplashScreenViewController.swift */,
				06051B2826371E7900130057 /* KKSplashScreenViewController.xib */,
			);
			path = "Splash Screen";
			sourceTree = "<group>";
		};
		062C39832632C96A00E86EEA /* Api Error */ = {
			isa = PBXGroup;
			children = (
				062C39842632C98600E86EEA /* KKApiErrorDetails.swift */,
			);
			path = "Api Error";
			sourceTree = "<group>";
		};
		067029D82641323500DFADAC /* Side Menu */ = {
			isa = PBXGroup;
			children = (
				067029D92641326E00DFADAC /* KKSideMenuTableViewCell.swift */,
			);
			path = "Side Menu";
			sourceTree = "<group>";
		};
		0676B59B262FD6EF0023311F = {
			isa = PBXGroup;
			children = (
				0676B5A6262FD6EF0023311F /* spade-swift */,
				0676B5A5262FD6EF0023311F /* Products */,
				3FB24B0F04671695DC8D3543 /* Pods */,
				1285A7FD2AD630CB1857867C /* Frameworks */,
			);
			sourceTree = "<group>";
		};
		0676B5A5262FD6EF0023311F /* Products */ = {
			isa = PBXGroup;
			children = (
				0676B5A4262FD6EF0023311F /* spade-swift.app */,
			);
			name = Products;
			sourceTree = "<group>";
		};
		0676B5A6262FD6EF0023311F /* spade-swift */ = {
			isa = PBXGroup;
			children = (
				0676B61F262FDC320023311F /* Model */,
				0676B61E262FDC170023311F /* Custom Cell */,
				0676B619262FDBE80023311F /* Controller */,
				0676B5BC262FD6FD0023311F /* Helper */,
				0676B5BE262FD7030023311F /* Supporting Files */,
				0676B5A7262FD6EF0023311F /* AppDelegate.swift */,
				0676B5A9262FD6EF0023311F /* SceneDelegate.swift */,
				0676B5AB262FD6EF0023311F /* ViewController.swift */,
			);
			path = "spade-swift";
			sourceTree = "<group>";
		};
		0676B5BC262FD6FD0023311F /* Helper */ = {
			isa = PBXGroup;
			children = (
				0676B614262FDB400023311F /* AlertView */,
				0676B60C262FDAD70023311F /* Future */,
				062C397C2632C74200E86EEA /* KKApiRouter.swift */,
				062C39802632C92C00E86EEA /* KKApiClient.swift */,
				0676B5EF262FD7F20023311F /* KKUtil.swift */,
				0676B5F2262FD8520023311F /* KKConstant.swift */,
				0676B5F5262FD8BD0023311F /* KKSingleton.swift */,
				0676B5F8262FD8E40023311F /* KKColor.swift */,
				0676B5FB262FD94A0023311F /* KKFont.swift */,
				0676B66A263095EE0023311F /* Localizable.strings */,
			);
			path = Helper;
			sourceTree = "<group>";
		};
		0676B5BE262FD7030023311F /* Supporting Files */ = {
			isa = PBXGroup;
			children = (
				0676B5B0262FD6F30023311F /* Assets.xcassets */,
				0676B5B2262FD6F30023311F /* LaunchScreen.storyboard */,
				0676B5B5262FD6F30023311F /* Info.plist */,
				0676B5AD262FD6EF0023311F /* Main.storyboard */,
			);
			path = "Supporting Files";
			sourceTree = "<group>";
		};
		0676B60C262FDAD70023311F /* Future */ = {
			isa = PBXGroup;
			children = (
				0676B60D262FDAF40023311F /* SKFuture.swift */,
				0676B611262FDAFE0023311F /* SKResult.swift */,
			);
			path = Future;
			sourceTree = "<group>";
		};
		0676B614262FDB400023311F /* AlertView */ = {
			isa = PBXGroup;
			children = (
				0676B615262FDB790023311F /* KKAlertControllerTransition.swift */,
			);
			path = AlertView;
			sourceTree = "<group>";
		};
		0676B619262FDBE80023311F /* Controller */ = {
			isa = PBXGroup;
			children = (
				0676B621262FDC620023311F /* Base */,
				06051B2626371E5100130057 /* Splash Screen */,
				53268C012630605500ECAAE2 /* Onboarding */,
				53268C0F263068FC00ECAAE2 /* Login */,
				53268C1A26307FC700ECAAE2 /* Registration */,
				533CA6B82631741A00768C08 /* Home */,
				53AAADFE264016FE004103F0 /* Afiliate */,
				53AAAE0B26401925004103F0 /* Rebate */,
				53AAAE1326401B1E004103F0 /* Message */,
				53AAAE1B26401BDD004103F0 /* Support */,
				53AAAE2526401C4F004103F0 /* Deposit */,
				53AAAE2E26401D0A004103F0 /* Withdraw */,
				53C64EF72637006C0068F03E /* Personal */,
				53963E062639A30A00D803D4 /* Settings */,
				5381D83126495AA2003BBD2A /* Announcement */,
			);
			path = Controller;
			sourceTree = "<group>";
		};
		0676B61E262FDC170023311F /* Custom Cell */ = {
			isa = PBXGroup;
			children = (
				067029D82641323500DFADAC /* Side Menu */,
				538FB09526482B8000F3E823 /* Live Chat */,
				5381D839264961F1003BBD2A /* Announcement */,
				5317F237264C223E0076D69B /* Bank Cell */,
			);
			path = "Custom Cell";
			sourceTree = "<group>";
		};
		0676B61F262FDC320023311F /* Model */ = {
			isa = PBXGroup;
			children = (
				062C39832632C96A00E86EEA /* Api Error */,
			);
			path = Model;
			sourceTree = "<group>";
		};
		0676B621262FDC620023311F /* Base */ = {
			isa = PBXGroup;
			children = (
				0676B623262FDC8F0023311F /* KKBaseViewController.swift */,
			);
			path = Base;
			sourceTree = "<group>";
		};
		1285A7FD2AD630CB1857867C /* Frameworks */ = {
			isa = PBXGroup;
			children = (
				1CAD1294FBEFF302B7020970 /* Pods_spade_swift.framework */,
			);
			name = Frameworks;
			sourceTree = "<group>";
		};
		3FB24B0F04671695DC8D3543 /* Pods */ = {
			isa = PBXGroup;
			children = (
				DE9CF2AF875923073B28E1B7 /* Pods-spade-swift.debug.xcconfig */,
				1E2D902D25F2E5F3802521A0 /* Pods-spade-swift.release.xcconfig */,
			);
			path = Pods;
			sourceTree = "<group>";
		};
		5317F22F264C104F0076D69B /* Withdraw Request */ = {
			isa = PBXGroup;
			children = (
				5317F229264C10050076D69B /* KKWithdrawRequestViewController.swift */,
				5317F22C264C100E0076D69B /* KKWithdrawRequestViewController.xib */,
			);
			path = "Withdraw Request";
			sourceTree = "<group>";
		};
		5317F237264C223E0076D69B /* Bank Cell */ = {
			isa = PBXGroup;
			children = (
				5317F231264C222A0076D69B /* KKBankTableCell.swift */,
				5317F234264C223A0076D69B /* KKBankTableCell.xib */,
			);
			path = "Bank Cell";
			sourceTree = "<group>";
		};
		53268C012630605500ECAAE2 /* Onboarding */ = {
			isa = PBXGroup;
			children = (
				53268BFE2630604F00ECAAE2 /* KKOnBoardingViewController.swift */,
				53268C052630612900ECAAE2 /* KKOnBoardingViewController.xib */,
			);
			path = Onboarding;
			sourceTree = "<group>";
		};
		53268C0F263068FC00ECAAE2 /* Login */ = {
			isa = PBXGroup;
			children = (
				53268C08263068EB00ECAAE2 /* KKLoginViewController.swift */,
				53268C0C263068F600ECAAE2 /* KKLoginViewController.xib */,
			);
			path = Login;
			sourceTree = "<group>";
		};
		53268C1A26307FC700ECAAE2 /* Registration */ = {
			isa = PBXGroup;
			children = (
				53268C1426307FB800ECAAE2 /* KKRegistrationViewController.swift */,
				53268C1726307FC100ECAAE2 /* KKRegistrationViewController.xib */,
			);
			path = Registration;
			sourceTree = "<group>";
		};
		53363E49264ACE2D001F6B48 /* My Affliate */ = {
			isa = PBXGroup;
			children = (
				53363E43264ACE0C001F6B48 /* KKMyAffiliateViewController.swift */,
				53363E46264ACE26001F6B48 /* KKMyAffiliateViewController.xib */,
			);
			path = "My Affliate";
			sourceTree = "<group>";
		};
		533CA6B82631741A00768C08 /* Home */ = {
			isa = PBXGroup;
			children = (
				533CA6BD2631746800768C08 /* KKHomeViewController.swift */,
				533CA6BA2631745C00768C08 /* KKHomeViewController.xib */,
			);
			path = Home;
			sourceTree = "<group>";
		};
		5381676F26464B3900FC96A6 /* UserInfo */ = {
			isa = PBXGroup;
			children = (
				5381676C26464B3300FC96A6 /* KKUserInfoViewController.swift */,
				5381676926464B0F00FC96A6 /* KKUserInfoViewController.xib */,
			);
			path = UserInfo;
			sourceTree = "<group>";
		};
		5381D83126495AA2003BBD2A /* Announcement */ = {
			isa = PBXGroup;
			children = (
				5381D82B26495A94003BBD2A /* KKAnnouncementViewController.swift */,
				5381D82E26495A9D003BBD2A /* KKAnnouncementViewController.xib */,
			);
			path = Announcement;
			sourceTree = "<group>";
		};
		5381D839264961F1003BBD2A /* Announcement */ = {
			isa = PBXGroup;
			children = (
				5381D836264961EC003BBD2A /* KKAnnouncementTableCell.swift */,
				5381D833264961E2003BBD2A /* KKAnnouncementTableCell.xib */,
			);
			path = Announcement;
			sourceTree = "<group>";
		};
		538FB0822648013100F3E823 /* FAQ */ = {
			isa = PBXGroup;
			children = (
				538FB07C2648012200F3E823 /* KKFaqViewController.swift */,
				538FB07F2648012B00F3E823 /* KKFaqViewController.xib */,
			);
			path = FAQ;
			sourceTree = "<group>";
		};
		538FB09526482B8000F3E823 /* Live Chat */ = {
			isa = PBXGroup;
			children = (
				538FB09226482B3500F3E823 /* KKLiveChatCollectionViewCell.swift */,
				538FB08F264825E000F3E823 /* KKLiveChatCollectionViewCell.xib */,
			);
			path = "Live Chat";
			sourceTree = "<group>";
		};
		53963E062639A30A00D803D4 /* Settings */ = {
			isa = PBXGroup;
			children = (
				53963E092639A36C00D803D4 /* KKSettingsViewController.swift */,
				53963E0C2639A37400D803D4 /* KKSettingsViewController.xib */,
			);
			path = Settings;
			sourceTree = "<group>";
		};
		53AAADFE264016FE004103F0 /* Afiliate */ = {
			isa = PBXGroup;
			children = (
				53AAAE3326401FF0004103F0 /* KKAffiliateViewController.swift */,
				53AAAE3626401FF7004103F0 /* KKAffiliateViewController.xib */,
				53363E49264ACE2D001F6B48 /* My Affliate */,
			);
			path = Afiliate;
			sourceTree = "<group>";
		};
		53AAAE0B26401925004103F0 /* Rebate */ = {
			isa = PBXGroup;
			children = (
				53AAAE05264018E3004103F0 /* KKRebateViewController.swift */,
				53AAAE082640191A004103F0 /* KKRebateViewController.xib */,
			);
			path = Rebate;
			sourceTree = "<group>";
		};
		53AAAE1326401B1E004103F0 /* Message */ = {
			isa = PBXGroup;
			children = (
				53AAAE0D26401B09004103F0 /* KKMessageViewController.swift */,
				53AAAE1026401B12004103F0 /* KKMessageViewController.xib */,
			);
			path = Message;
			sourceTree = "<group>";
		};
		53AAAE1B26401BDD004103F0 /* Support */ = {
			isa = PBXGroup;
			children = (
				53AAAE1526401BD0004103F0 /* KKSupportViewController.swift */,
				53AAAE1826401BD9004103F0 /* KKSupportViewController.xib */,
				538FB0822648013100F3E823 /* FAQ */,
			);
			path = Support;
			sourceTree = "<group>";
		};
		53AAAE2526401C4F004103F0 /* Deposit */ = {
			isa = PBXGroup;
			children = (
				53AAAE1F26401C40004103F0 /* KKDepositViewController.swift */,
				53AAAE2226401C4A004103F0 /* KKDepositViewController.xib */,
			);
			path = Deposit;
			sourceTree = "<group>";
		};
		53AAAE2E26401D0A004103F0 /* Withdraw */ = {
			isa = PBXGroup;
			children = (
				53AAAE2826401CA9004103F0 /* KKWithdrawViewController.swift */,
				53AAAE2B26401CAE004103F0 /* KKWithdrawViewController.xib */,
				5317F22F264C104F0076D69B /* Withdraw Request */,
			);
			path = Withdraw;
			sourceTree = "<group>";
		};
		53C64EF72637006C0068F03E /* Personal */ = {
			isa = PBXGroup;
			children = (
				53C64EFC263700E10068F03E /* KKPersonalViewController.swift */,
				53C64EF9263700D00068F03E /* KKPersonalViewController.xib */,
				5381676F26464B3900FC96A6 /* UserInfo */,
				067029D52641278300DFADAC /* KKPersonalPageViewController.swift */,
			);
			path = Personal;
			sourceTree = "<group>";
		};
/* End PBXGroup section */

/* Begin PBXNativeTarget section */
		0676B5A3262FD6EF0023311F /* spade-swift */ = {
			isa = PBXNativeTarget;
			buildConfigurationList = 0676B5B8262FD6F30023311F /* Build configuration list for PBXNativeTarget "spade-swift" */;
			buildPhases = (
				0A87ED78B30B937D11E02E91 /* [CP] Check Pods Manifest.lock */,
				0676B5A0262FD6EF0023311F /* Sources */,
				0676B5A1262FD6EF0023311F /* Frameworks */,
				0676B5A2262FD6EF0023311F /* Resources */,
				EFFE987C5F70D4198301D66A /* [CP] Embed Pods Frameworks */,
			);
			buildRules = (
			);
			dependencies = (
			);
			name = "spade-swift";
			productName = "spade-swift";
			productReference = 0676B5A4262FD6EF0023311F /* spade-swift.app */;
			productType = "com.apple.product-type.application";
		};
/* End PBXNativeTarget section */

/* Begin PBXProject section */
		0676B59C262FD6EF0023311F /* Project object */ = {
			isa = PBXProject;
			attributes = {
				LastSwiftUpdateCheck = 1240;
				LastUpgradeCheck = 1240;
				TargetAttributes = {
					0676B5A3262FD6EF0023311F = {
						CreatedOnToolsVersion = 12.4;
					};
				};
			};
			buildConfigurationList = 0676B59F262FD6EF0023311F /* Build configuration list for PBXProject "spade-swift" */;
			compatibilityVersion = "Xcode 9.3";
			developmentRegion = en;
			hasScannedForEncodings = 0;
			knownRegions = (
				en,
			);
			mainGroup = 0676B59B262FD6EF0023311F;
			productRefGroup = 0676B5A5262FD6EF0023311F /* Products */;
			projectDirPath = "";
			projectRoot = "";
			targets = (
				0676B5A3262FD6EF0023311F /* spade-swift */,
			);
		};
/* End PBXProject section */

/* Begin PBXResourcesBuildPhase section */
		0676B5A2262FD6EF0023311F /* Resources */ = {
			isa = PBXResourcesBuildPhase;
			buildActionMask = 2147483647;
			files = (
				53AAAE1126401B12004103F0 /* KKMessageViewController.xib in Resources */,
				5381D82F26495A9D003BBD2A /* KKAnnouncementViewController.xib in Resources */,
				0676B5B4262FD6F30023311F /* LaunchScreen.storyboard in Resources */,
				53268C1826307FC100ECAAE2 /* KKRegistrationViewController.xib in Resources */,
				53AAAE3726401FF7004103F0 /* KKAffiliateViewController.xib in Resources */,
				5381D834264961E2003BBD2A /* KKAnnouncementTableCell.xib in Resources */,
				53268C0D263068F600ECAAE2 /* KKLoginViewController.xib in Resources */,
				53268C062630612900ECAAE2 /* KKOnBoardingViewController.xib in Resources */,
				0676B668263095EE0023311F /* Localizable.strings in Resources */,
				5317F235264C223A0076D69B /* KKBankTableCell.xib in Resources */,
				53363E47264ACE26001F6B48 /* KKMyAffiliateViewController.xib in Resources */,
				0676B5B1262FD6F30023311F /* Assets.xcassets in Resources */,
				538FB090264825E000F3E823 /* KKLiveChatCollectionViewCell.xib in Resources */,
				5317F22D264C100E0076D69B /* KKWithdrawRequestViewController.xib in Resources */,
				53AAAE2C26401CAE004103F0 /* KKWithdrawViewController.xib in Resources */,
				5381676A26464B0F00FC96A6 /* KKUserInfoViewController.xib in Resources */,
				538FB0802648012B00F3E823 /* KKFaqViewController.xib in Resources */,
				53AAAE1926401BD9004103F0 /* KKSupportViewController.xib in Resources */,
				0676B5AF262FD6EF0023311F /* Main.storyboard in Resources */,
				53AAAE2326401C4A004103F0 /* KKDepositViewController.xib in Resources */,
				06051B2A26371E7900130057 /* KKSplashScreenViewController.xib in Resources */,
				533CA6BB2631745C00768C08 /* KKHomeViewController.xib in Resources */,
				53C64EFA263700D00068F03E /* KKPersonalViewController.xib in Resources */,
				53AAAE092640191A004103F0 /* KKRebateViewController.xib in Resources */,
				53963E0D2639A37400D803D4 /* KKSettingsViewController.xib in Resources */,
			);
			runOnlyForDeploymentPostprocessing = 0;
		};
/* End PBXResourcesBuildPhase section */

/* Begin PBXShellScriptBuildPhase section */
		0A87ED78B30B937D11E02E91 /* [CP] Check Pods Manifest.lock */ = {
			isa = PBXShellScriptBuildPhase;
			buildActionMask = 2147483647;
			files = (
			);
			inputFileListPaths = (
			);
			inputPaths = (
				"${PODS_PODFILE_DIR_PATH}/Podfile.lock",
				"${PODS_ROOT}/Manifest.lock",
			);
			name = "[CP] Check Pods Manifest.lock";
			outputFileListPaths = (
			);
			outputPaths = (
				"$(DERIVED_FILE_DIR)/Pods-spade-swift-checkManifestLockResult.txt",
			);
			runOnlyForDeploymentPostprocessing = 0;
			shellPath = /bin/sh;
			shellScript = "diff \"${PODS_PODFILE_DIR_PATH}/Podfile.lock\" \"${PODS_ROOT}/Manifest.lock\" > /dev/null\nif [ $? != 0 ] ; then\n    # print error to STDERR\n    echo \"error: The sandbox is not in sync with the Podfile.lock. Run 'pod install' or update your CocoaPods installation.\" >&2\n    exit 1\nfi\n# This output is used by Xcode 'outputs' to avoid re-running this script phase.\necho \"SUCCESS\" > \"${SCRIPT_OUTPUT_FILE_0}\"\n";
			showEnvVarsInLog = 0;
		};
		EFFE987C5F70D4198301D66A /* [CP] Embed Pods Frameworks */ = {
			isa = PBXShellScriptBuildPhase;
			buildActionMask = 2147483647;
			files = (
			);
			inputFileListPaths = (
				"${PODS_ROOT}/Target Support Files/Pods-spade-swift/Pods-spade-swift-frameworks-${CONFIGURATION}-input-files.xcfilelist",
			);
			name = "[CP] Embed Pods Frameworks";
			outputFileListPaths = (
				"${PODS_ROOT}/Target Support Files/Pods-spade-swift/Pods-spade-swift-frameworks-${CONFIGURATION}-output-files.xcfilelist",
			);
			runOnlyForDeploymentPostprocessing = 0;
			shellPath = /bin/sh;
			shellScript = "\"${PODS_ROOT}/Target Support Files/Pods-spade-swift/Pods-spade-swift-frameworks.sh\"\n";
			showEnvVarsInLog = 0;
		};
/* End PBXShellScriptBuildPhase section */

/* Begin PBXSourcesBuildPhase section */
		0676B5A0262FD6EF0023311F /* Sources */ = {
			isa = PBXSourcesBuildPhase;
			buildActionMask = 2147483647;
			files = (
				062C39812632C92C00E86EEA /* KKApiClient.swift in Sources */,
				538FB07D2648012200F3E823 /* KKFaqViewController.swift in Sources */,
				067029DA2641326E00DFADAC /* KKSideMenuTableViewCell.swift in Sources */,
				0676B612262FDAFE0023311F /* SKResult.swift in Sources */,
				0676B5AC262FD6EF0023311F /* ViewController.swift in Sources */,
				067029D62641278300DFADAC /* KKPersonalPageViewController.swift in Sources */,
				0676B5F3262FD8520023311F /* KKConstant.swift in Sources */,
				53AAAE2926401CA9004103F0 /* KKWithdrawViewController.swift in Sources */,
				533CA6BE2631746800768C08 /* KKHomeViewController.swift in Sources */,
				5381D82C26495A94003BBD2A /* KKAnnouncementViewController.swift in Sources */,
				5317F22A264C10050076D69B /* KKWithdrawRequestViewController.swift in Sources */,
				53963E0A2639A36C00D803D4 /* KKSettingsViewController.swift in Sources */,
				5381676D26464B3300FC96A6 /* KKUserInfoViewController.swift in Sources */,
				5381D837264961EC003BBD2A /* KKAnnouncementTableCell.swift in Sources */,
				0676B5A8262FD6EF0023311F /* AppDelegate.swift in Sources */,
				53AAAE3426401FF0004103F0 /* KKAffiliateViewController.swift in Sources */,
				5317F232264C222A0076D69B /* KKBankTableCell.swift in Sources */,
				0676B5F6262FD8BD0023311F /* KKSingleton.swift in Sources */,
				53AAAE2026401C40004103F0 /* KKDepositViewController.swift in Sources */,
				538FB09326482B3500F3E823 /* KKLiveChatCollectionViewCell.swift in Sources */,
				0676B624262FDC8F0023311F /* KKBaseViewController.swift in Sources */,
				0676B5FC262FD94A0023311F /* KKFont.swift in Sources */,
				53363E44264ACE0C001F6B48 /* KKMyAffiliateViewController.swift in Sources */,
				53AAAE1626401BD0004103F0 /* KKSupportViewController.swift in Sources */,
				53268C09263068EB00ECAAE2 /* KKLoginViewController.swift in Sources */,
				53268BFF2630604F00ECAAE2 /* KKOnBoardingViewController.swift in Sources */,
				0676B60E262FDAF40023311F /* SKFuture.swift in Sources */,
				53268C1526307FB800ECAAE2 /* KKRegistrationViewController.swift in Sources */,
				06051B2926371E7900130057 /* KKSplashScreenViewController.swift in Sources */,
				0676B616262FDB790023311F /* KKAlertControllerTransition.swift in Sources */,
				53C64EFD263700E10068F03E /* KKPersonalViewController.swift in Sources */,
				0676B5AA262FD6EF0023311F /* SceneDelegate.swift in Sources */,
				062C397D2632C74200E86EEA /* KKApiRouter.swift in Sources */,
				0676B5F0262FD7F20023311F /* KKUtil.swift in Sources */,
				062C39852632C98600E86EEA /* KKApiErrorDetails.swift in Sources */,
				0676B5F9262FD8E40023311F /* KKColor.swift in Sources */,
				53AAAE0E26401B09004103F0 /* KKMessageViewController.swift in Sources */,
				53AAAE06264018E3004103F0 /* KKRebateViewController.swift in Sources */,
			);
			runOnlyForDeploymentPostprocessing = 0;
		};
/* End PBXSourcesBuildPhase section */

/* Begin PBXVariantGroup section */
		0676B5AD262FD6EF0023311F /* Main.storyboard */ = {
			isa = PBXVariantGroup;
			children = (
				0676B661263095560023311F /* en */,
			);
			name = Main.storyboard;
			sourceTree = "<group>";
		};
		0676B5B2262FD6F30023311F /* LaunchScreen.storyboard */ = {
			isa = PBXVariantGroup;
			children = (
				0676B660263095560023311F /* en */,
			);
			name = LaunchScreen.storyboard;
			sourceTree = "<group>";
		};
		0676B66A263095EE0023311F /* Localizable.strings */ = {
			isa = PBXVariantGroup;
			children = (
				0676B669263095EE0023311F /* en */,
			);
			name = Localizable.strings;
			sourceTree = "<group>";
		};
/* End PBXVariantGroup section */

/* Begin XCBuildConfiguration section */
		0676B5B6262FD6F30023311F /* Debug */ = {
			isa = XCBuildConfiguration;
			buildSettings = {
				ALWAYS_SEARCH_USER_PATHS = NO;
				CLANG_ANALYZER_LOCALIZABILITY_NONLOCALIZED = YES;
				CLANG_ANALYZER_NONNULL = YES;
				CLANG_ANALYZER_NUMBER_OBJECT_CONVERSION = YES_AGGRESSIVE;
				CLANG_CXX_LANGUAGE_STANDARD = "gnu++14";
				CLANG_CXX_LIBRARY = "libc++";
				CLANG_ENABLE_MODULES = YES;
				CLANG_ENABLE_OBJC_ARC = YES;
				CLANG_ENABLE_OBJC_WEAK = YES;
				CLANG_WARN_BLOCK_CAPTURE_AUTORELEASING = YES;
				CLANG_WARN_BOOL_CONVERSION = YES;
				CLANG_WARN_COMMA = YES;
				CLANG_WARN_CONSTANT_CONVERSION = YES;
				CLANG_WARN_DEPRECATED_OBJC_IMPLEMENTATIONS = YES;
				CLANG_WARN_DIRECT_OBJC_ISA_USAGE = YES_ERROR;
				CLANG_WARN_DOCUMENTATION_COMMENTS = YES;
				CLANG_WARN_EMPTY_BODY = YES;
				CLANG_WARN_ENUM_CONVERSION = YES;
				CLANG_WARN_INFINITE_RECURSION = YES;
				CLANG_WARN_INT_CONVERSION = YES;
				CLANG_WARN_NON_LITERAL_NULL_CONVERSION = YES;
				CLANG_WARN_OBJC_IMPLICIT_RETAIN_SELF = YES;
				CLANG_WARN_OBJC_LITERAL_CONVERSION = YES;
				CLANG_WARN_OBJC_ROOT_CLASS = YES_ERROR;
				CLANG_WARN_QUOTED_INCLUDE_IN_FRAMEWORK_HEADER = YES;
				CLANG_WARN_RANGE_LOOP_ANALYSIS = YES;
				CLANG_WARN_STRICT_PROTOTYPES = YES;
				CLANG_WARN_SUSPICIOUS_MOVE = YES;
				CLANG_WARN_UNGUARDED_AVAILABILITY = YES_AGGRESSIVE;
				CLANG_WARN_UNREACHABLE_CODE = YES;
				CLANG_WARN__DUPLICATE_METHOD_MATCH = YES;
				COPY_PHASE_STRIP = NO;
				DEBUG_INFORMATION_FORMAT = dwarf;
				ENABLE_STRICT_OBJC_MSGSEND = YES;
				ENABLE_TESTABILITY = YES;
				GCC_C_LANGUAGE_STANDARD = gnu11;
				GCC_DYNAMIC_NO_PIC = NO;
				GCC_NO_COMMON_BLOCKS = YES;
				GCC_OPTIMIZATION_LEVEL = 0;
				GCC_PREPROCESSOR_DEFINITIONS = (
					"DEBUG=1",
					"$(inherited)",
				);
				GCC_WARN_64_TO_32_BIT_CONVERSION = YES;
				GCC_WARN_ABOUT_RETURN_TYPE = YES_ERROR;
				GCC_WARN_UNDECLARED_SELECTOR = YES;
				GCC_WARN_UNINITIALIZED_AUTOS = YES_AGGRESSIVE;
				GCC_WARN_UNUSED_FUNCTION = YES;
				GCC_WARN_UNUSED_VARIABLE = YES;
				IPHONEOS_DEPLOYMENT_TARGET = 14.4;
				MTL_ENABLE_DEBUG_INFO = INCLUDE_SOURCE;
				MTL_FAST_MATH = YES;
				ONLY_ACTIVE_ARCH = YES;
				SDKROOT = iphoneos;
				SWIFT_ACTIVE_COMPILATION_CONDITIONS = DEBUG;
				SWIFT_OPTIMIZATION_LEVEL = "-Onone";
			};
			name = Debug;
		};
		0676B5B7262FD6F30023311F /* Release */ = {
			isa = XCBuildConfiguration;
			buildSettings = {
				ALWAYS_SEARCH_USER_PATHS = NO;
				CLANG_ANALYZER_LOCALIZABILITY_NONLOCALIZED = YES;
				CLANG_ANALYZER_NONNULL = YES;
				CLANG_ANALYZER_NUMBER_OBJECT_CONVERSION = YES_AGGRESSIVE;
				CLANG_CXX_LANGUAGE_STANDARD = "gnu++14";
				CLANG_CXX_LIBRARY = "libc++";
				CLANG_ENABLE_MODULES = YES;
				CLANG_ENABLE_OBJC_ARC = YES;
				CLANG_ENABLE_OBJC_WEAK = YES;
				CLANG_WARN_BLOCK_CAPTURE_AUTORELEASING = YES;
				CLANG_WARN_BOOL_CONVERSION = YES;
				CLANG_WARN_COMMA = YES;
				CLANG_WARN_CONSTANT_CONVERSION = YES;
				CLANG_WARN_DEPRECATED_OBJC_IMPLEMENTATIONS = YES;
				CLANG_WARN_DIRECT_OBJC_ISA_USAGE = YES_ERROR;
				CLANG_WARN_DOCUMENTATION_COMMENTS = YES;
				CLANG_WARN_EMPTY_BODY = YES;
				CLANG_WARN_ENUM_CONVERSION = YES;
				CLANG_WARN_INFINITE_RECURSION = YES;
				CLANG_WARN_INT_CONVERSION = YES;
				CLANG_WARN_NON_LITERAL_NULL_CONVERSION = YES;
				CLANG_WARN_OBJC_IMPLICIT_RETAIN_SELF = YES;
				CLANG_WARN_OBJC_LITERAL_CONVERSION = YES;
				CLANG_WARN_OBJC_ROOT_CLASS = YES_ERROR;
				CLANG_WARN_QUOTED_INCLUDE_IN_FRAMEWORK_HEADER = YES;
				CLANG_WARN_RANGE_LOOP_ANALYSIS = YES;
				CLANG_WARN_STRICT_PROTOTYPES = YES;
				CLANG_WARN_SUSPICIOUS_MOVE = YES;
				CLANG_WARN_UNGUARDED_AVAILABILITY = YES_AGGRESSIVE;
				CLANG_WARN_UNREACHABLE_CODE = YES;
				CLANG_WARN__DUPLICATE_METHOD_MATCH = YES;
				COPY_PHASE_STRIP = NO;
				DEBUG_INFORMATION_FORMAT = "dwarf-with-dsym";
				ENABLE_NS_ASSERTIONS = NO;
				ENABLE_STRICT_OBJC_MSGSEND = YES;
				GCC_C_LANGUAGE_STANDARD = gnu11;
				GCC_NO_COMMON_BLOCKS = YES;
				GCC_WARN_64_TO_32_BIT_CONVERSION = YES;
				GCC_WARN_ABOUT_RETURN_TYPE = YES_ERROR;
				GCC_WARN_UNDECLARED_SELECTOR = YES;
				GCC_WARN_UNINITIALIZED_AUTOS = YES_AGGRESSIVE;
				GCC_WARN_UNUSED_FUNCTION = YES;
				GCC_WARN_UNUSED_VARIABLE = YES;
				IPHONEOS_DEPLOYMENT_TARGET = 14.4;
				MTL_ENABLE_DEBUG_INFO = NO;
				MTL_FAST_MATH = YES;
				SDKROOT = iphoneos;
				SWIFT_COMPILATION_MODE = wholemodule;
				SWIFT_OPTIMIZATION_LEVEL = "-O";
				VALIDATE_PRODUCT = YES;
			};
			name = Release;
		};
		0676B5B9262FD6F30023311F /* Debug */ = {
			isa = XCBuildConfiguration;
			baseConfigurationReference = DE9CF2AF875923073B28E1B7 /* Pods-spade-swift.debug.xcconfig */;
			buildSettings = {
				ASSETCATALOG_COMPILER_APPICON_NAME = AppIcon;
				ASSETCATALOG_COMPILER_GLOBAL_ACCENT_COLOR_NAME = AccentColor;
				CODE_SIGN_IDENTITY = "iPhone Distribution";
				CODE_SIGN_STYLE = Manual;
				DEVELOPMENT_TEAM = ZB74P7LU6H;
				INFOPLIST_FILE = "$(SRCROOT)/spade-swift/Supporting Files/Info.plist";
				IPHONEOS_DEPLOYMENT_TARGET = 11.0;
				LD_RUNPATH_SEARCH_PATHS = (
					"$(inherited)",
					"@executable_path/Frameworks",
				);
				MARKETING_VERSION = 0.1;
				PRODUCT_BUNDLE_IDENTIFIER = com.spade.ios;
				PRODUCT_NAME = "$(TARGET_NAME)";
				PROVISIONING_PROFILE_SPECIFIER = "spade profile";
				SWIFT_VERSION = 5.0;
				TARGETED_DEVICE_FAMILY = "1,2";
			};
			name = Debug;
		};
		0676B5BA262FD6F30023311F /* Release */ = {
			isa = XCBuildConfiguration;
			baseConfigurationReference = 1E2D902D25F2E5F3802521A0 /* Pods-spade-swift.release.xcconfig */;
			buildSettings = {
				ASSETCATALOG_COMPILER_APPICON_NAME = AppIcon;
				ASSETCATALOG_COMPILER_GLOBAL_ACCENT_COLOR_NAME = AccentColor;
				CODE_SIGN_IDENTITY = "iPhone Distribution";
				CODE_SIGN_STYLE = Manual;
				DEVELOPMENT_TEAM = ZB74P7LU6H;
				INFOPLIST_FILE = "$(SRCROOT)/spade-swift/Supporting Files/Info.plist";
				IPHONEOS_DEPLOYMENT_TARGET = 11.0;
				LD_RUNPATH_SEARCH_PATHS = (
					"$(inherited)",
					"@executable_path/Frameworks",
				);
				MARKETING_VERSION = 0.1;
				PRODUCT_BUNDLE_IDENTIFIER = com.spade.ios;
				PRODUCT_NAME = "$(TARGET_NAME)";
				PROVISIONING_PROFILE_SPECIFIER = "spade profile";
				SWIFT_VERSION = 5.0;
				TARGETED_DEVICE_FAMILY = "1,2";
			};
			name = Release;
		};
/* End XCBuildConfiguration section */

/* Begin XCConfigurationList section */
		0676B59F262FD6EF0023311F /* Build configuration list for PBXProject "spade-swift" */ = {
			isa = XCConfigurationList;
			buildConfigurations = (
				0676B5B6262FD6F30023311F /* Debug */,
				0676B5B7262FD6F30023311F /* Release */,
			);
			defaultConfigurationIsVisible = 0;
			defaultConfigurationName = Release;
		};
		0676B5B8262FD6F30023311F /* Build configuration list for PBXNativeTarget "spade-swift" */ = {
			isa = XCConfigurationList;
			buildConfigurations = (
				0676B5B9262FD6F30023311F /* Debug */,
				0676B5BA262FD6F30023311F /* Release */,
			);
			defaultConfigurationIsVisible = 0;
			defaultConfigurationName = Release;
		};
/* End XCConfigurationList section */
	};
	rootObject = 0676B59C262FD6EF0023311F /* Project object */;
}
